
Microsoft Visual Studio Solution File, Format Version 12.00
# Visual Studio Version 16
VisualStudioVersion = 16.0.31729.503
MinimumVisualStudioVersion = 10.0.40219.1
Project("{FAE04EC0-301F-11D3-BF4B-00C04F79EFBC}") = "HelloLogging", "HelloLogging\HelloLogging.csproj", "{0CBE28AB-CFEA-4C34-87BD-5CD292725B74}"
EndProject
Global
	GlobalSection(SolutionConfigurationPlatforms) = preSolution
		Debug|Any CPU = Debug|Any CPU
		Release|Any CPU = Release|Any CPU
	EndGlobalSection
	GlobalSection(ProjectConfigurationPlatforms) = postSolution
		{0CBE28AB-CFEA-4C34-87BD-5CD292725B74}.Debug|Any CPU.ActiveCfg = Debug|Any CPU
		{0CBE28AB-CFEA-4C34-87BD-5CD292725B74}.Debug|Any CPU.Build.0 = Debug|Any CPU
		{0CBE28AB-CFEA-4C34-87BD-5CD292725B74}.Release|Any CPU.ActiveCfg = Release|Any CPU
		{0CBE28AB-CFEA-4C34-87BD-5CD292725B74}.Release|Any CPU.Build.0 = Release|Any CPU
	EndGlobalSection
	GlobalSection(SolutionProperties) = preSolution
		HideSolutionNode = FALSE
	EndGlobalSection
	GlobalSection(ExtensibilityGlobals) = postSolution
		SolutionGuid = {4754276E-D30E-481E-B2EE-68B25B2BBFE7}
	EndGlobalSection
EndGlobal
